// !$*UTF8*$!
{
	archiveVersion = 1;
	classes = {
	};
	objectVersion = 50;
	objects = {

/* Begin PBXBuildFile section */
		553AB6C8406F19A26CE718F8 /* Pods_CSTechnologieTestProject.framework in Frameworks */ = {isa = PBXBuildFile; fileRef = 6F5F2C87B13C95B6F4F680A7 /* Pods_CSTechnologieTestProject.framework */; };
		AA70E6E19F39C635FCBA6151 /* Pods_CSTechnologieTestProjectTests.framework in Frameworks */ = {isa = PBXBuildFile; fileRef = DD74B359442F696697BD102E /* Pods_CSTechnologieTestProjectTests.framework */; };
		CB542FC32152BF4200DA0A04 /* AppDelegate.swift in Sources */ = {isa = PBXBuildFile; fileRef = CB542FC22152BF4200DA0A04 /* AppDelegate.swift */; };
		CB542FC82152BF4200DA0A04 /* Main.storyboard in Resources */ = {isa = PBXBuildFile; fileRef = CB542FC62152BF4200DA0A04 /* Main.storyboard */; };
		CB542FCB2152BF4200DA0A04 /* CSTechnologieTestProject.xcdatamodeld in Sources */ = {isa = PBXBuildFile; fileRef = CB542FC92152BF4200DA0A04 /* CSTechnologieTestProject.xcdatamodeld */; };
		CB542FCD2152BF4400DA0A04 /* Assets.xcassets in Resources */ = {isa = PBXBuildFile; fileRef = CB542FCC2152BF4400DA0A04 /* Assets.xcassets */; };
		CB542FD02152BF4400DA0A04 /* LaunchScreen.storyboard in Resources */ = {isa = PBXBuildFile; fileRef = CB542FCE2152BF4400DA0A04 /* LaunchScreen.storyboard */; };
		CB542FDB2152BF4400DA0A04 /* CSTechnologieTestProjectTests.swift in Sources */ = {isa = PBXBuildFile; fileRef = CB542FDA2152BF4400DA0A04 /* CSTechnologieTestProjectTests.swift */; };
		CB542FE92152C9B400DA0A04 /* PostsViewController.swift in Sources */ = {isa = PBXBuildFile; fileRef = CB542FE82152C9B400DA0A04 /* PostsViewController.swift */; };
		CB542FEB2152CBF300DA0A04 /* PostsModel.swift in Sources */ = {isa = PBXBuildFile; fileRef = CB542FEA2152CBF300DA0A04 /* PostsModel.swift */; };
/* End PBXBuildFile section */

/* Begin PBXContainerItemProxy section */
		CB542FD72152BF4400DA0A04 /* PBXContainerItemProxy */ = {
			isa = PBXContainerItemProxy;
			containerPortal = CB542FB72152BF4200DA0A04 /* Project object */;
			proxyType = 1;
			remoteGlobalIDString = CB542FBE2152BF4200DA0A04;
			remoteInfo = CSTechnologieTestProject;
		};
/* End PBXContainerItemProxy section */

/* Begin PBXFileReference section */
		10F11C0979407E806739A1FC /* Pods-CSTechnologieTestProjectTests.debug.xcconfig */ = {isa = PBXFileReference; includeInIndex = 1; lastKnownFileType = text.xcconfig; name = "Pods-CSTechnologieTestProjectTests.debug.xcconfig"; path = "Pods/Target Support Files/Pods-CSTechnologieTestProjectTests/Pods-CSTechnologieTestProjectTests.debug.xcconfig"; sourceTree = "<group>"; };
		6F5F2C87B13C95B6F4F680A7 /* Pods_CSTechnologieTestProject.framework */ = {isa = PBXFileReference; explicitFileType = wrapper.framework; includeInIndex = 0; path = Pods_CSTechnologieTestProject.framework; sourceTree = BUILT_PRODUCTS_DIR; };
		84D717DA008CC809CEF56231 /* Pods-CSTechnologieTestProjectTests.release.xcconfig */ = {isa = PBXFileReference; includeInIndex = 1; lastKnownFileType = text.xcconfig; name = "Pods-CSTechnologieTestProjectTests.release.xcconfig"; path = "Pods/Target Support Files/Pods-CSTechnologieTestProjectTests/Pods-CSTechnologieTestProjectTests.release.xcconfig"; sourceTree = "<group>"; };
		9E2E5140DB97703FA332FD7D /* Pods-CSTechnologieTestProject.debug.xcconfig */ = {isa = PBXFileReference; includeInIndex = 1; lastKnownFileType = text.xcconfig; name = "Pods-CSTechnologieTestProject.debug.xcconfig"; path = "Pods/Target Support Files/Pods-CSTechnologieTestProject/Pods-CSTechnologieTestProject.debug.xcconfig"; sourceTree = "<group>"; };
		CB542FBF2152BF4200DA0A04 /* CSTechnologieTestProject.app */ = {isa = PBXFileReference; explicitFileType = wrapper.application; includeInIndex = 0; path = CSTechnologieTestProject.app; sourceTree = BUILT_PRODUCTS_DIR; };
		CB542FC22152BF4200DA0A04 /* AppDelegate.swift */ = {isa = PBXFileReference; lastKnownFileType = sourcecode.swift; path = AppDelegate.swift; sourceTree = "<group>"; };
		CB542FC72152BF4200DA0A04 /* Base */ = {isa = PBXFileReference; lastKnownFileType = file.storyboard; name = Base; path = Base.lproj/Main.storyboard; sourceTree = "<group>"; };
		CB542FCA2152BF4200DA0A04 /* CSTechnologieTestProject.xcdatamodel */ = {isa = PBXFileReference; lastKnownFileType = wrapper.xcdatamodel; path = CSTechnologieTestProject.xcdatamodel; sourceTree = "<group>"; };
		CB542FCC2152BF4400DA0A04 /* Assets.xcassets */ = {isa = PBXFileReference; lastKnownFileType = folder.assetcatalog; path = Assets.xcassets; sourceTree = "<group>"; };
		CB542FCF2152BF4400DA0A04 /* Base */ = {isa = PBXFileReference; lastKnownFileType = file.storyboard; name = Base; path = Base.lproj/LaunchScreen.storyboard; sourceTree = "<group>"; };
		CB542FD12152BF4400DA0A04 /* Info.plist */ = {isa = PBXFileReference; lastKnownFileType = text.plist.xml; path = Info.plist; sourceTree = "<group>"; };
		CB542FD62152BF4400DA0A04 /* CSTechnologieTestProjectTests.xctest */ = {isa = PBXFileReference; explicitFileType = wrapper.cfbundle; includeInIndex = 0; path = CSTechnologieTestProjectTests.xctest; sourceTree = BUILT_PRODUCTS_DIR; };
		CB542FDA2152BF4400DA0A04 /* CSTechnologieTestProjectTests.swift */ = {isa = PBXFileReference; lastKnownFileType = sourcecode.swift; path = CSTechnologieTestProjectTests.swift; sourceTree = "<group>"; };
		CB542FDC2152BF4500DA0A04 /* Info.plist */ = {isa = PBXFileReference; lastKnownFileType = text.plist.xml; path = Info.plist; sourceTree = "<group>"; };
		CB542FE82152C9B400DA0A04 /* PostsViewController.swift */ = {isa = PBXFileReference; lastKnownFileType = sourcecode.swift; path = PostsViewController.swift; sourceTree = "<group>"; };
		CB542FEA2152CBF300DA0A04 /* PostsModel.swift */ = {isa = PBXFileReference; lastKnownFileType = sourcecode.swift; path = PostsModel.swift; sourceTree = "<group>"; };
		DD74B359442F696697BD102E /* Pods_CSTechnologieTestProjectTests.framework */ = {isa = PBXFileReference; explicitFileType = wrapper.framework; includeInIndex = 0; path = Pods_CSTechnologieTestProjectTests.framework; sourceTree = BUILT_PRODUCTS_DIR; };
		FA1A0B7C455A1A14BB14B65E /* Pods-CSTechnologieTestProject.release.xcconfig */ = {isa = PBXFileReference; includeInIndex = 1; lastKnownFileType = text.xcconfig; name = "Pods-CSTechnologieTestProject.release.xcconfig"; path = "Pods/Target Support Files/Pods-CSTechnologieTestProject/Pods-CSTechnologieTestProject.release.xcconfig"; sourceTree = "<group>"; };
/* End PBXFileReference section */

/* Begin PBXFrameworksBuildPhase section */
		CB542FBC2152BF4200DA0A04 /* Frameworks */ = {
			isa = PBXFrameworksBuildPhase;
			buildActionMask = 2147483647;
			files = (
				553AB6C8406F19A26CE718F8 /* Pods_CSTechnologieTestProject.framework in Frameworks */,
			);
			runOnlyForDeploymentPostprocessing = 0;
		};
		CB542FD32152BF4400DA0A04 /* Frameworks */ = {
			isa = PBXFrameworksBuildPhase;
			buildActionMask = 2147483647;
			files = (
				AA70E6E19F39C635FCBA6151 /* Pods_CSTechnologieTestProjectTests.framework in Frameworks */,
			);
			runOnlyForDeploymentPostprocessing = 0;
		};
/* End PBXFrameworksBuildPhase section */

/* Begin PBXGroup section */
		365EB38DA642AE8E1D34323A /* Frameworks */ = {
			isa = PBXGroup;
			children = (
				6F5F2C87B13C95B6F4F680A7 /* Pods_CSTechnologieTestProject.framework */,
				DD74B359442F696697BD102E /* Pods_CSTechnologieTestProjectTests.framework */,
			);
			name = Frameworks;
			sourceTree = "<group>";
		};
		CB542FB62152BF4200DA0A04 = {
			isa = PBXGroup;
			children = (
				CB542FC12152BF4200DA0A04 /* CSTechnologieTestProject */,
				CB542FD92152BF4400DA0A04 /* CSTechnologieTestProjectTests */,
				CB542FC02152BF4200DA0A04 /* Products */,
				FCFCD93F6C35E76FA610C7A3 /* Pods */,
				365EB38DA642AE8E1D34323A /* Frameworks */,
			);
			sourceTree = "<group>";
		};
		CB542FC02152BF4200DA0A04 /* Products */ = {
			isa = PBXGroup;
			children = (
				CB542FBF2152BF4200DA0A04 /* CSTechnologieTestProject.app */,
				CB542FD62152BF4400DA0A04 /* CSTechnologieTestProjectTests.xctest */,
			);
			name = Products;
			sourceTree = "<group>";
		};
		CB542FC12152BF4200DA0A04 /* CSTechnologieTestProject */ = {
			isa = PBXGroup;
			children = (
				CB542FEC2152D56600DA0A04 /* Cells */,
				CB542FE72152C96F00DA0A04 /* Controller */,
				CB542FE62152C96900DA0A04 /* View */,
				CB542FE52152C96200DA0A04 /* Model */,
				CB542FC22152BF4200DA0A04 /* AppDelegate.swift */,
				CB542FCC2152BF4400DA0A04 /* Assets.xcassets */,
				CB542FCE2152BF4400DA0A04 /* LaunchScreen.storyboard */,
				CB542FD12152BF4400DA0A04 /* Info.plist */,
				CB542FC92152BF4200DA0A04 /* CSTechnologieTestProject.xcdatamodeld */,
			);
			path = CSTechnologieTestProject;
			sourceTree = "<group>";
		};
		CB542FD92152BF4400DA0A04 /* CSTechnologieTestProjectTests */ = {
			isa = PBXGroup;
			children = (
				CB542FDA2152BF4400DA0A04 /* CSTechnologieTestProjectTests.swift */,
				CB542FDC2152BF4500DA0A04 /* Info.plist */,
			);
			path = CSTechnologieTestProjectTests;
			sourceTree = "<group>";
		};
		CB542FE52152C96200DA0A04 /* Model */ = {
			isa = PBXGroup;
			children = (
				CB542FEA2152CBF300DA0A04 /* PostsModel.swift */,
			);
			path = Model;
			sourceTree = "<group>";
		};
		CB542FE62152C96900DA0A04 /* View */ = {
			isa = PBXGroup;
			children = (
				CB542FC62152BF4200DA0A04 /* Main.storyboard */,
			);
			path = View;
			sourceTree = "<group>";
		};
		CB542FE72152C96F00DA0A04 /* Controller */ = {
			isa = PBXGroup;
			children = (
				CB542FE82152C9B400DA0A04 /* PostsViewController.swift */,
			);
			path = Controller;
			sourceTree = "<group>";
		};
		CB542FEC2152D56600DA0A04 /* Cells */ = {
			isa = PBXGroup;
			children = (
			);
			path = Cells;
			sourceTree = "<group>";
		};
		FCFCD93F6C35E76FA610C7A3 /* Pods */ = {
			isa = PBXGroup;
			children = (
				9E2E5140DB97703FA332FD7D /* Pods-CSTechnologieTestProject.debug.xcconfig */,
				FA1A0B7C455A1A14BB14B65E /* Pods-CSTechnologieTestProject.release.xcconfig */,
				10F11C0979407E806739A1FC /* Pods-CSTechnologieTestProjectTests.debug.xcconfig */,
				84D717DA008CC809CEF56231 /* Pods-CSTechnologieTestProjectTests.release.xcconfig */,
			);
			name = Pods;
			sourceTree = "<group>";
		};
/* End PBXGroup section */

/* Begin PBXNativeTarget section */
		CB542FBE2152BF4200DA0A04 /* CSTechnologieTestProject */ = {
			isa = PBXNativeTarget;
			buildConfigurationList = CB542FDF2152BF4500DA0A04 /* Build configuration list for PBXNativeTarget "CSTechnologieTestProject" */;
			buildPhases = (
				CEA808CADCC13E6D5866B417 /* [CP] Check Pods Manifest.lock */,
				CB542FBB2152BF4200DA0A04 /* Sources */,
				CB542FBC2152BF4200DA0A04 /* Frameworks */,
				CB542FBD2152BF4200DA0A04 /* Resources */,
				9426928469D96467445E2EF2 /* [CP] Embed Pods Frameworks */,
			);
			buildRules = (
			);
			dependencies = (
			);
			name = CSTechnologieTestProject;
			productName = CSTechnologieTestProject;
			productReference = CB542FBF2152BF4200DA0A04 /* CSTechnologieTestProject.app */;
			productType = "com.apple.product-type.application";
		};
		CB542FD52152BF4400DA0A04 /* CSTechnologieTestProjectTests */ = {
			isa = PBXNativeTarget;
			buildConfigurationList = CB542FE22152BF4500DA0A04 /* Build configuration list for PBXNativeTarget "CSTechnologieTestProjectTests" */;
			buildPhases = (
				352A010CEF6F0310E9CB7C13 /* [CP] Check Pods Manifest.lock */,
				CB542FD22152BF4400DA0A04 /* Sources */,
				CB542FD32152BF4400DA0A04 /* Frameworks */,
				CB542FD42152BF4400DA0A04 /* Resources */,
			);
			buildRules = (
			);
			dependencies = (
				CB542FD82152BF4400DA0A04 /* PBXTargetDependency */,
			);
			name = CSTechnologieTestProjectTests;
			productName = CSTechnologieTestProjectTests;
			productReference = CB542FD62152BF4400DA0A04 /* CSTechnologieTestProjectTests.xctest */;
			productType = "com.apple.product-type.bundle.unit-test";
		};
/* End PBXNativeTarget section */

/* Begin PBXProject section */
		CB542FB72152BF4200DA0A04 /* Project object */ = {
			isa = PBXProject;
			attributes = {
				LastSwiftUpdateCheck = 1000;
				LastUpgradeCheck = 1000;
				ORGANIZATIONNAME = "Gihan Chanaka Beligaswaththa";
				TargetAttributes = {
					CB542FBE2152BF4200DA0A04 = {
						CreatedOnToolsVersion = 10.0;
					};
					CB542FD52152BF4400DA0A04 = {
						CreatedOnToolsVersion = 10.0;
						TestTargetID = CB542FBE2152BF4200DA0A04;
					};
				};
			};
			buildConfigurationList = CB542FBA2152BF4200DA0A04 /* Build configuration list for PBXProject "CSTechnologieTestProject" */;
			compatibilityVersion = "Xcode 9.3";
			developmentRegion = en;
			hasScannedForEncodings = 0;
			knownRegions = (
				en,
				Base,
			);
			mainGroup = CB542FB62152BF4200DA0A04;
			productRefGroup = CB542FC02152BF4200DA0A04 /* Products */;
			projectDirPath = "";
			projectRoot = "";
			targets = (
				CB542FBE2152BF4200DA0A04 /* CSTechnologieTestProject */,
				CB542FD52152BF4400DA0A04 /* CSTechnologieTestProjectTests */,
			);
		};
/* End PBXProject section */

/* Begin PBXResourcesBuildPhase section */
		CB542FBD2152BF4200DA0A04 /* Resources */ = {
			isa = PBXResourcesBuildPhase;
			buildActionMask = 2147483647;
			files = (
				CB542FD02152BF4400DA0A04 /* LaunchScreen.storyboard in Resources */,
				CB542FCD2152BF4400DA0A04 /* Assets.xcassets in Resources */,
				CB542FC82152BF4200DA0A04 /* Main.storyboard in Resources */,
			);
			runOnlyForDeploymentPostprocessing = 0;
		};
		CB542FD42152BF4400DA0A04 /* Resources */ = {
			isa = PBXResourcesBuildPhase;
			buildActionMask = 2147483647;
			files = (
			);
			runOnlyForDeploymentPostprocessing = 0;
		};
/* End PBXResourcesBuildPhase section */

/* Begin PBXShellScriptBuildPhase section */
		352A010CEF6F0310E9CB7C13 /* [CP] Check Pods Manifest.lock */ = {
			isa = PBXShellScriptBuildPhase;
			buildActionMask = 2147483647;
			files = (
			);
			inputPaths = (
				"${PODS_PODFILE_DIR_PATH}/Podfile.lock",
				"${PODS_ROOT}/Manifest.lock",
			);
			name = "[CP] Check Pods Manifest.lock";
			outputPaths = (
				"$(DERIVED_FILE_DIR)/Pods-CSTechnologieTestProjectTests-checkManifestLockResult.txt",
			);
			runOnlyForDeploymentPostprocessing = 0;
			shellPath = /bin/sh;
			shellScript = "diff \"${PODS_PODFILE_DIR_PATH}/Podfile.lock\" \"${PODS_ROOT}/Manifest.lock\" > /dev/null\nif [ $? != 0 ] ; then\n    # print error to STDERR\n    echo \"error: The sandbox is not in sync with the Podfile.lock. Run 'pod install' or update your CocoaPods installation.\" >&2\n    exit 1\nfi\n# This output is used by Xcode 'outputs' to avoid re-running this script phase.\necho \"SUCCESS\" > \"${SCRIPT_OUTPUT_FILE_0}\"\n";
			showEnvVarsInLog = 0;
		};
		9426928469D96467445E2EF2 /* [CP] Embed Pods Frameworks */ = {
			isa = PBXShellScriptBuildPhase;
			buildActionMask = 2147483647;
			files = (
			);
			inputPaths = (
				"${SRCROOT}/Pods/Target Support Files/Pods-CSTechnologieTestProject/Pods-CSTechnologieTestProject-frameworks.sh",
				"${BUILT_PRODUCTS_DIR}/Alamofire/Alamofire.framework",
				"${BUILT_PRODUCTS_DIR}/SwiftyJSON/SwiftyJSON.framework",
			);
			name = "[CP] Embed Pods Frameworks";
			outputPaths = (
				"${TARGET_BUILD_DIR}/${FRAMEWORKS_FOLDER_PATH}/Alamofire.framework",
				"${TARGET_BUILD_DIR}/${FRAMEWORKS_FOLDER_PATH}/SwiftyJSON.framework",
			);
			runOnlyForDeploymentPostprocessing = 0;
			shellPath = /bin/sh;
			shellScript = "\"${SRCROOT}/Pods/Target Support Files/Pods-CSTechnologieTestProject/Pods-CSTechnologieTestProject-frameworks.sh\"\n";
			showEnvVarsInLog = 0;
		};
		CEA808CADCC13E6D5866B417 /* [CP] Check Pods Manifest.lock */ = {
			isa = PBXShellScriptBuildPhase;
			buildActionMask = 2147483647;
			files = (
			);
			inputPaths = (
				"${PODS_PODFILE_DIR_PATH}/Podfile.lock",
				"${PODS_ROOT}/Manifest.lock",
			);
			name = "[CP] Check Pods Manifest.lock";
			outputPaths = (
				"$(DERIVED_FILE_DIR)/Pods-CSTechnologieTestProject-checkManifestLockResult.txt",
			);
			runOnlyForDeploymentPostprocessing = 0;
			shellPath = /bin/sh;
			shellScript = "diff \"${PODS_PODFILE_DIR_PATH}/Podfile.lock\" \"${PODS_ROOT}/Manifest.lock\" > /dev/null\nif [ $? != 0 ] ; then\n    # print error to STDERR\n    echo \"error: The sandbox is not in sync with the Podfile.lock. Run 'pod install' or update your CocoaPods installation.\" >&2\n    exit 1\nfi\n# This output is used by Xcode 'outputs' to avoid re-running this script phase.\necho \"SUCCESS\" > \"${SCRIPT_OUTPUT_FILE_0}\"\n";
			showEnvVarsInLog = 0;
		};
/* End PBXShellScriptBuildPhase section */

/* Begin PBXSourcesBuildPhase section */
		CB542FBB2152BF4200DA0A04 /* Sources */ = {
			isa = PBXSourcesBuildPhase;
			buildActionMask = 2147483647;
			files = (
				CB542FE92152C9B400DA0A04 /* PostsViewController.swift in Sources */,
				CB542FEB2152CBF300DA0A04 /* PostsModel.swift in Sources */,
				CB542FC32152BF4200DA0A04 /* AppDelegate.swift in Sources */,
				CB542FCB2152BF4200DA0A04 /* CSTechnologieTestProject.xcdatamodeld in Sources */,
			);
			runOnlyForDeploymentPostprocessing = 0;
		};
		CB542FD22152BF4400DA0A04 /* Sources */ = {
			isa = PBXSourcesBuildPhase;
			buildActionMask = 2147483647;
			files = (
				CB542FDB2152BF4400DA0A04 /* CSTechnologieTestProjectTests.swift in Sources */,
			);
			runOnlyForDeploymentPostprocessing = 0;
		};
/* End PBXSourcesBuildPhase section */

/* Begin PBXTargetDependency section */
		CB542FD82152BF4400DA0A04 /* PBXTargetDependency */ = {
			isa = PBXTargetDependency;
			target = CB542FBE2152BF4200DA0A04 /* CSTechnologieTestProject */;
			targetProxy = CB542FD72152BF4400DA0A04 /* PBXContainerItemProxy */;
		};
/* End PBXTargetDependency section */

/* Begin PBXVariantGroup section */
		CB542FC62152BF4200DA0A04 /* Main.storyboard */ = {
			isa = PBXVariantGroup;
			children = (
				CB542FC72152BF4200DA0A04 /* Base */,
			);
			name = Main.storyboard;
			sourceTree = "<group>";
		};
		CB542FCE2152BF4400DA0A04 /* LaunchScreen.storyboard */ = {
			isa = PBXVariantGroup;
			children = (
				CB542FCF2152BF4400DA0A04 /* Base */,
			);
			name = LaunchScreen.storyboard;
			sourceTree = "<group>";
		};
/* End PBXVariantGroup section */

/* Begin XCBuildConfiguration section */
		CB542FDD2152BF4500DA0A04 /* Debug */ = {
			isa = XCBuildConfiguration;
			buildSettings = {
				ALWAYS_SEARCH_USER_PATHS = NO;
				CLANG_ANALYZER_NONNULL = YES;
				CLANG_ANALYZER_NUMBER_OBJECT_CONVERSION = YES_AGGRESSIVE;
				CLANG_CXX_LANGUAGE_STANDARD = "gnu++14";
				CLANG_CXX_LIBRARY = "libc++";
				CLANG_ENABLE_MODULES = YES;
				CLANG_ENABLE_OBJC_ARC = YES;
				CLANG_ENABLE_OBJC_WEAK = YES;
				CLANG_WARN_BLOCK_CAPTURE_AUTORELEASING = YES;
				CLANG_WARN_BOOL_CONVERSION = YES;
				CLANG_WARN_COMMA = YES;
				CLANG_WARN_CONSTANT_CONVERSION = YES;
				CLANG_WARN_DEPRECATED_OBJC_IMPLEMENTATIONS = YES;
				CLANG_WARN_DIRECT_OBJC_ISA_USAGE = YES_ERROR;
				CLANG_WARN_DOCUMENTATION_COMMENTS = YES;
				CLANG_WARN_EMPTY_BODY = YES;
				CLANG_WARN_ENUM_CONVERSION = YES;
				CLANG_WARN_INFINITE_RECURSION = YES;
				CLANG_WARN_INT_CONVERSION = YES;
				CLANG_WARN_NON_LITERAL_NULL_CONVERSION = YES;
				CLANG_WARN_OBJC_IMPLICIT_RETAIN_SELF = YES;
				CLANG_WARN_OBJC_LITERAL_CONVERSION = YES;
				CLANG_WARN_OBJC_ROOT_CLASS = YES_ERROR;
				CLANG_WARN_RANGE_LOOP_ANALYSIS = YES;
				CLANG_WARN_STRICT_PROTOTYPES = YES;
				CLANG_WARN_SUSPICIOUS_MOVE = YES;
				CLANG_WARN_UNGUARDED_AVAILABILITY = YES_AGGRESSIVE;
				CLANG_WARN_UNREACHABLE_CODE = YES;
				CLANG_WARN__DUPLICATE_METHOD_MATCH = YES;
				CODE_SIGN_IDENTITY = "iPhone Developer";
				COPY_PHASE_STRIP = NO;
				DEBUG_INFORMATION_FORMAT = dwarf;
				ENABLE_STRICT_OBJC_MSGSEND = YES;
				ENABLE_TESTABILITY = YES;
				GCC_C_LANGUAGE_STANDARD = gnu11;
				GCC_DYNAMIC_NO_PIC = NO;
				GCC_NO_COMMON_BLOCKS = YES;
				GCC_OPTIMIZATION_LEVEL = 0;
				GCC_PREPROCESSOR_DEFINITIONS = (
					"DEBUG=1",
					"$(inherited)",
				);
				GCC_WARN_64_TO_32_BIT_CONVERSION = YES;
				GCC_WARN_ABOUT_RETURN_TYPE = YES_ERROR;
				GCC_WARN_UNDECLARED_SELECTOR = YES;
				GCC_WARN_UNINITIALIZED_AUTOS = YES_AGGRESSIVE;
				GCC_WARN_UNUSED_FUNCTION = YES;
				GCC_WARN_UNUSED_VARIABLE = YES;
				IPHONEOS_DEPLOYMENT_TARGET = 12.0;
				MTL_ENABLE_DEBUG_INFO = INCLUDE_SOURCE;
				MTL_FAST_MATH = YES;
				ONLY_ACTIVE_ARCH = YES;
				SDKROOT = iphoneos;
				SWIFT_ACTIVE_COMPILATION_CONDITIONS = DEBUG;
				SWIFT_OPTIMIZATION_LEVEL = "-Onone";
			};
			name = Debug;
		};
		CB542FDE2152BF4500DA0A04 /* Release */ = {
			isa = XCBuildConfiguration;
			buildSettings = {
				ALWAYS_SEARCH_USER_PATHS = NO;
				CLANG_ANALYZER_NONNULL = YES;
				CLANG_ANALYZER_NUMBER_OBJECT_CONVERSION = YES_AGGRESSIVE;
				CLANG_CXX_LANGUAGE_STANDARD = "gnu++14";
				CLANG_CXX_LIBRARY = "libc++";
				CLANG_ENABLE_MODULES = YES;
				CLANG_ENABLE_OBJC_ARC = YES;
				CLANG_ENABLE_OBJC_WEAK = YES;
				CLANG_WARN_BLOCK_CAPTURE_AUTORELEASING = YES;
				CLANG_WARN_BOOL_CONVERSION = YES;
				CLANG_WARN_COMMA = YES;
				CLANG_WARN_CONSTANT_CONVERSION = YES;
				CLANG_WARN_DEPRECATED_OBJC_IMPLEMENTATIONS = YES;
				CLANG_WARN_DIRECT_OBJC_ISA_USAGE = YES_ERROR;
				CLANG_WARN_DOCUMENTATION_COMMENTS = YES;
				CLANG_WARN_EMPTY_BODY = YES;
				CLANG_WARN_ENUM_CONVERSION = YES;
				CLANG_WARN_INFINITE_RECURSION = YES;
				CLANG_WARN_INT_CONVERSION = YES;
				CLANG_WARN_NON_LITERAL_NULL_CONVERSION = YES;
				CLANG_WARN_OBJC_IMPLICIT_RETAIN_SELF = YES;
				CLANG_WARN_OBJC_LITERAL_CONVERSION = YES;
				CLANG_WARN_OBJC_ROOT_CLASS = YES_ERROR;
				CLANG_WARN_RANGE_LOOP_ANALYSIS = YES;
				CLANG_WARN_STRICT_PROTOTYPES = YES;
				CLANG_WARN_SUSPICIOUS_MOVE = YES;
				CLANG_WARN_UNGUARDED_AVAILABILITY = YES_AGGRESSIVE;
				CLANG_WARN_UNREACHABLE_CODE = YES;
				CLANG_WARN__DUPLICATE_METHOD_MATCH = YES;
				CODE_SIGN_IDENTITY = "iPhone Developer";
				COPY_PHASE_STRIP = NO;
				DEBUG_INFORMATION_FORMAT = "dwarf-with-dsym";
				ENABLE_NS_ASSERTIONS = NO;
				ENABLE_STRICT_OBJC_MSGSEND = YES;
				GCC_C_LANGUAGE_STANDARD = gnu11;
				GCC_NO_COMMON_BLOCKS = YES;
				GCC_WARN_64_TO_32_BIT_CONVERSION = YES;
				GCC_WARN_ABOUT_RETURN_TYPE = YES_ERROR;
				GCC_WARN_UNDECLARED_SELECTOR = YES;
				GCC_WARN_UNINITIALIZED_AUTOS = YES_AGGRESSIVE;
				GCC_WARN_UNUSED_FUNCTION = YES;
				GCC_WARN_UNUSED_VARIABLE = YES;
				IPHONEOS_DEPLOYMENT_TARGET = 12.0;
				MTL_ENABLE_DEBUG_INFO = NO;
				MTL_FAST_MATH = YES;
				SDKROOT = iphoneos;
				SWIFT_COMPILATION_MODE = wholemodule;
				SWIFT_OPTIMIZATION_LEVEL = "-O";
				VALIDATE_PRODUCT = YES;
			};
			name = Release;
		};
		CB542FE02152BF4500DA0A04 /* Debug */ = {
			isa = XCBuildConfiguration;
			baseConfigurationReference = 9E2E5140DB97703FA332FD7D /* Pods-CSTechnologieTestProject.debug.xcconfig */;
			buildSettings = {
				ASSETCATALOG_COMPILER_APPICON_NAME = AppIcon;
				CODE_SIGN_STYLE = Automatic;
				DEVELOPMENT_TEAM = EA4ULAM46C;
				INFOPLIST_FILE = CSTechnologieTestProject/Info.plist;
				LD_RUNPATH_SEARCH_PATHS = (
					"$(inherited)",
					"@executable_path/Frameworks",
				);
				PRODUCT_BUNDLE_IDENTIFIER = com.gihan.CSTechnologieTestProject;
				PRODUCT_NAME = "$(TARGET_NAME)";
				SWIFT_VERSION = 4.2;
				TARGETED_DEVICE_FAMILY = "1,2";
			};
			name = Debug;
		};
		CB542FE12152BF4500DA0A04 /* Release */ = {
			isa = XCBuildConfiguration;
			baseConfigurationReference = FA1A0B7C455A1A14BB14B65E /* Pods-CSTechnologieTestProject.release.xcconfig */;
			buildSettings = {
				ASSETCATALOG_COMPILER_APPICON_NAME = AppIcon;
				CODE_SIGN_STYLE = Automatic;
				DEVELOPMENT_TEAM = EA4ULAM46C;
				INFOPLIST_FILE = CSTechnologieTestProject/Info.plist;
				LD_RUNPATH_SEARCH_PATHS = (
					"$(inherited)",
					"@executable_path/Frameworks",
				);
				PRODUCT_BUNDLE_IDENTIFIER = com.gihan.CSTechnologieTestProject;
				PRODUCT_NAME = "$(TARGET_NAME)";
				SWIFT_VERSION = 4.2;
				TARGETED_DEVICE_FAMILY = "1,2";
			};
			name = Release;
		};
		CB542FE32152BF4500DA0A04 /* Debug */ = {
			isa = XCBuildConfiguration;
			baseConfigurationReference = 10F11C0979407E806739A1FC /* Pods-CSTechnologieTestProjectTests.debug.xcconfig */;
			buildSettings = {
				ALWAYS_EMBED_SWIFT_STANDARD_LIBRARIES = YES;
				BUNDLE_LOADER = "$(TEST_HOST)";
				CODE_SIGN_STYLE = Automatic;
				DEVELOPMENT_TEAM = EA4ULAM46C;
				INFOPLIST_FILE = CSTechnologieTestProjectTests/Info.plist;
				LD_RUNPATH_SEARCH_PATHS = (
					"$(inherited)",
					"@executable_path/Frameworks",
					"@loader_path/Frameworks",
				);
				PRODUCT_BUNDLE_IDENTIFIER = com.gihan.CSTechnologieTestProjectTests;
				PRODUCT_NAME = "$(TARGET_NAME)";
				SWIFT_VERSION = 4.2;
				TARGETED_DEVICE_FAMILY = "1,2";
				TEST_HOST = "$(BUILT_PRODUCTS_DIR)/CSTechnologieTestProject.app/CSTechnologieTestProject";
			};
			name = Debug;
		};
		CB542FE42152BF4500DA0A04 /* Release */ = {
			isa = XCBuildConfiguration;
			baseConfigurationReference = 84D717DA008CC809CEF56231 /* Pods-CSTechnologieTestProjectTests.release.xcconfig */;
			buildSettings = {
				ALWAYS_EMBED_SWIFT_STANDARD_LIBRARIES = YES;
				BUNDLE_LOADER = "$(TEST_HOST)";
				CODE_SIGN_STYLE = Automatic;
				DEVELOPMENT_TEAM = EA4ULAM46C;
				INFOPLIST_FILE = CSTechnologieTestProjectTests/Info.plist;
				LD_RUNPATH_SEARCH_PATHS = (
					"$(inherited)",
					"@executable_path/Frameworks",
					"@loader_path/Frameworks",
				);
				PRODUCT_BUNDLE_IDENTIFIER = com.gihan.CSTechnologieTestProjectTests;
				PRODUCT_NAME = "$(TARGET_NAME)";
				SWIFT_VERSION = 4.2;
				TARGETED_DEVICE_FAMILY = "1,2";
				TEST_HOST = "$(BUILT_PRODUCTS_DIR)/CSTechnologieTestProject.app/CSTechnologieTestProject";
			};
			name = Release;
		};
/* End XCBuildConfiguration section */

/* Begin XCConfigurationList section */
		CB542FBA2152BF4200DA0A04 /* Build configuration list for PBXProject "CSTechnologieTestProject" */ = {
			isa = XCConfigurationList;
			buildConfigurations = (
				CB542FDD2152BF4500DA0A04 /* Debug */,
				CB542FDE2152BF4500DA0A04 /* Release */,
			);
			defaultConfigurationIsVisible = 0;
			defaultConfigurationName = Release;
		};
		CB542FDF2152BF4500DA0A04 /* Build configuration list for PBXNativeTarget "CSTechnologieTestProject" */ = {
			isa = XCConfigurationList;
			buildConfigurations = (
				CB542FE02152BF4500DA0A04 /* Debug */,
				CB542FE12152BF4500DA0A04 /* Release */,
			);
			defaultConfigurationIsVisible = 0;
			defaultConfigurationName = Release;
		};
		CB542FE22152BF4500DA0A04 /* Build configuration list for PBXNativeTarget "CSTechnologieTestProjectTests" */ = {
			isa = XCConfigurationList;
			buildConfigurations = (
				CB542FE32152BF4500DA0A04 /* Debug */,
				CB542FE42152BF4500DA0A04 /* Release */,
			);
			defaultConfigurationIsVisible = 0;
			defaultConfigurationName = Release;
		};
/* End XCConfigurationList section */

/* Begin XCVersionGroup section */
		CB542FC92152BF4200DA0A04 /* CSTechnologieTestProject.xcdatamodeld */ = {
			isa = XCVersionGroup;
			children = (
				CB542FCA2152BF4200DA0A04 /* CSTechnologieTestProject.xcdatamodel */,
			);
			currentVersion = CB542FCA2152BF4200DA0A04 /* CSTechnologieTestProject.xcdatamodel */;
			path = CSTechnologieTestProject.xcdatamodeld;
			sourceTree = "<group>";
			versionGroupType = wrapper.xcdatamodel;
		};
/* End XCVersionGroup section */
	};
	rootObject = CB542FB72152BF4200DA0A04 /* Project object */;
}
